
Microsoft Visual Studio Solution File, Format Version 12.00
# Visual Studio Version 16
VisualStudioVersion = 16.0.29306.81
MinimumVisualStudioVersion = 10.0.40219.1
Project("{FAE04EC0-301F-11D3-BF4B-00C04F79EFBC}") = "LinkedinTraining", "LinkedinTraining.csproj", "{7258D5A1-7E1C-43B7-89AC-6BB9CE893122}"
EndProject
Global
	GlobalSection(SolutionConfigurationPlatforms) = preSolution
		Debug|Any CPU = Debug|Any CPU
		Release|Any CPU = Release|Any CPU
	EndGlobalSection
	GlobalSection(ProjectConfigurationPlatforms) = postSolution
		{7258D5A1-7E1C-43B7-89AC-6BB9CE893122}.Debug|Any CPU.ActiveCfg = Debug|Any CPU
		{7258D5A1-7E1C-43B7-89AC-6BB9CE893122}.Debug|Any CPU.Build.0 = Debug|Any CPU
		{7258D5A1-7E1C-43B7-89AC-6BB9CE893122}.Release|Any CPU.ActiveCfg = Release|Any CPU
		{7258D5A1-7E1C-43B7-89AC-6BB9CE893122}.Release|Any CPU.Build.0 = Release|Any CPU
	EndGlobalSection
	GlobalSection(SolutionProperties) = preSolution
		HideSolutionNode = FALSE
	EndGlobalSection
	GlobalSection(ExtensibilityGlobals) = postSolution
		SolutionGuid = {D142EC6D-11B7-4341-B61C-35278BE99F9B}
	EndGlobalSection
EndGlobal
